// !$*UTF8*$!
{
	archiveVersion = 1;
	classes = {
	};
	objectVersion = 46;
	objects = {

/* Begin PBXBuildFile section */
		5AC751B31A490383003DECDB /* main.c in Sources */ = {isa = PBXBuildFile; fileRef = 5AC751B21A490383003DECDB /* main.c */; };
/* End PBXBuildFile section */

/* Begin PBXCopyFilesBuildPhase section */
		5AC751AD1A490383003DECDB /* CopyFiles */ = {
			isa = PBXCopyFilesBuildPhase;
			buildActionMask = 2147483647;
			dstPath = /usr/share/man/man1/;
			dstSubfolderSpec = 0;
			files = (
			);
			runOnlyForDeploymentPostprocessing = 1;
		};
/* End PBXCopyFilesBuildPhase section */

/* Begin PBXFileReference section */
		5AC751AF1A490383003DECDB /* DailyProgrammer4-Bitcompression */ = {isa = PBXFileReference; explicitFileType = "compiled.mach-o.executable"; includeInIndex = 0; path = "DailyProgrammer4-Bitcompression"; sourceTree = BUILT_PRODUCTS_DIR; };
		5AC751B21A490383003DECDB /* main.c */ = {isa = PBXFileReference; lastKnownFileType = sourcecode.c.c; path = main.c; sourceTree = "<group>"; };
/* End PBXFileReference section */

/* Begin PBXFrameworksBuildPhase section */
		5AC751AC1A490383003DECDB /* Frameworks */ = {
			isa = PBXFrameworksBuildPhase;
			buildActionMask = 2147483647;
			files = (
			);
			runOnlyForDeploymentPostprocessing = 0;
		};
/* End PBXFrameworksBuildPhase section */

/* Begin PBXGroup section */
		5AC751A61A490383003DECDB = {
			isa = PBXGroup;
			children = (
				5AC751B11A490383003DECDB /* DailyProgrammer4-Bitcompression */,
				5AC751B01A490383003DECDB /* Products */,
			);
			sourceTree = "<group>";
		};
		5AC751B01A490383003DECDB /* Products */ = {
			isa = PBXGroup;
			children = (
				5AC751AF1A490383003DECDB /* DailyProgrammer4-Bitcompression */,
			);
			name = Products;
			sourceTree = "<group>";
		};
		5AC751B11A490383003DECDB /* DailyProgrammer4-Bitcompression */ = {
			isa = PBXGroup;
			children = (
				5AC751B21A490383003DECDB /* main.c */,
			);
			path = "DailyProgrammer4-Bitcompression";
			sourceTree = "<group>";
		};
/* End PBXGroup section */

/* Begin PBXNativeTarget section */
		5AC751AE1A490383003DECDB /* DailyProgrammer4-Bitcompression */ = {
			isa = PBXNativeTarget;
			buildConfigurationList = 5AC751B61A490383003DECDB /* Build configuration list for PBXNativeTarget "DailyProgrammer4-Bitcompression" */;
			buildPhases = (
				5AC751AB1A490383003DECDB /* Sources */,
				5AC751AC1A490383003DECDB /* Frameworks */,
				5AC751AD1A490383003DECDB /* CopyFiles */,
			);
			buildRules = (
			);
			dependencies = (
			);
			name = "DailyProgrammer4-Bitcompression";
			productName = "DailyProgrammer4-Bitcompression";
			productReference = 5AC751AF1A490383003DECDB /* DailyProgrammer4-Bitcompression */;
			productType = "com.apple.product-type.tool";
		};
/* End PBXNativeTarget section */

/* Begin PBXProject section */
		5AC751A71A490383003DECDB /* Project object */ = {
			isa = PBXProject;
			attributes = {
				LastUpgradeCheck = 0610;
				ORGANIZATIONNAME = "Preston Smith";
				TargetAttributes = {
					5AC751AE1A490383003DECDB = {
						CreatedOnToolsVersion = 6.1.1;
					};
				};
			};
			buildConfigurationList = 5AC751AA1A490383003DECDB /* Build configuration list for PBXProject "DailyProgrammer4-Bitcompression" */;
			compatibilityVersion = "Xcode 3.2";
			developmentRegion = English;
			hasScannedForEncodings = 0;
			knownRegions = (
				en,
			);
			mainGroup = 5AC751A61A490383003DECDB;
			productRefGroup = 5AC751B01A490383003DECDB /* Products */;
			projectDirPath = "";
			projectRoot = "";
			targets = (
				5AC751AE1A490383003DECDB /* DailyProgrammer4-Bitcompression */,
			);
		};
/* End PBXProject section */

/* Begin PBXSourcesBuildPhase section */
		5AC751AB1A490383003DECDB /* Sources */ = {
			isa = PBXSourcesBuildPhase;
			buildActionMask = 2147483647;
			files = (
				5AC751B31A490383003DECDB /* main.c in Sources */,
			);
			runOnlyForDeploymentPostprocessing = 0;
		};
/* End PBXSourcesBuildPhase section */

/* Begin XCBuildConfiguration section */
		5AC751B41A490383003DECDB /* Debug */ = {
			isa = XCBuildConfiguration;
			buildSettings = {
				ALWAYS_SEARCH_USER_PATHS = NO;
				CLANG_CXX_LANGUAGE_STANDARD = "gnu++0x";
				CLANG_CXX_LIBRARY = "libc++";
				CLANG_ENABLE_MODULES = YES;
				CLANG_ENABLE_OBJC_ARC = YES;
				CLANG_WARN_BOOL_CONVERSION = YES;
				CLANG_WARN_CONSTANT_CONVERSION = YES;
				CLANG_WARN_DIRECT_OBJC_ISA_USAGE = YES_ERROR;
				CLANG_WARN_EMPTY_BODY = YES;
				CLANG_WARN_ENUM_CONVERSION = YES;
				CLANG_WARN_INT_CONVERSION = YES;
				CLANG_WARN_OBJC_ROOT_CLASS = YES_ERROR;
				CLANG_WARN_UNREACHABLE_CODE = YES;
				CLANG_WARN__DUPLICATE_METHOD_MATCH = YES;
				COPY_PHASE_STRIP = NO;
				ENABLE_STRICT_OBJC_MSGSEND = YES;
				GCC_C_LANGUAGE_STANDARD = gnu99;
				GCC_DYNAMIC_NO_PIC = NO;
				GCC_OPTIMIZATION_LEVEL = 0;
				GCC_PREPROCESSOR_DEFINITIONS = (
					"DEBUG=1",
					"$(inherited)",
				);
				GCC_SYMBOLS_PRIVATE_EXTERN = NO;
				GCC_WARN_64_TO_32_BIT_CONVERSION = YES;
				GCC_WARN_ABOUT_RETURN_TYPE = YES_ERROR;
				GCC_WARN_UNDECLARED_SELECTOR = YES;
				GCC_WARN_UNINITIALIZED_AUTOS = YES_AGGRESSIVE;
				GCC_WARN_UNUSED_FUNCTION = YES;
				GCC_WARN_UNUSED_VARIABLE = YES;
				MACOSX_DEPLOYMENT_TARGET = 10.10;
				MTL_ENABLE_DEBUG_INFO = YES;
				ONLY_ACTIVE_ARCH = YES;
				SDKROOT = macosx;
			};
			name = Debug;
		};
		5AC751B51A490383003DECDB /* Release */ = {
			isa = XCBuildConfiguration;
			buildSettings = {
				ALWAYS_SEARCH_USER_PATHS = NO;
				CLANG_CXX_LANGUAGE_STANDARD = "gnu++0x";
				CLANG_CXX_LIBRARY = "libc++";
				CLANG_ENABLE_MODULES = YES;
				CLANG_ENABLE_OBJC_ARC = YES;
				CLANG_WARN_BOOL_CONVERSION = YES;
				CLANG_WARN_CONSTANT_CONVERSION = YES;
				CLANG_WARN_DIRECT_OBJC_ISA_USAGE = YES_ERROR;
				CLANG_WARN_EMPTY_BODY = YES;
				CLANG_WARN_ENUM_CONVERSION = YES;
				CLANG_WARN_INT_CONVERSION = YES;
				CLANG_WARN_OBJC_ROOT_CLASS = YES_ERROR;
				CLANG_WARN_UNREACHABLE_CODE = YES;
				CLANG_WARN__DUPLICATE_METHOD_MATCH = YES;
				COPY_PHASE_STRIP = YES;
				DEBUG_INFORMATION_FORMAT = "dwarf-with-dsym";
				ENABLE_NS_ASSERTIONS = NO;
				ENABLE_STRICT_OBJC_MSGSEND = YES;
				GCC_C_LANGUAGE_STANDARD = gnu99;
				GCC_WARN_64_TO_32_BIT_CONVERSION = YES;
				GCC_WARN_ABOUT_RETURN_TYPE = YES_ERROR;
				GCC_WARN_UNDECLARED_SELECTOR = YES;
				GCC_WARN_UNINITIALIZED_AUTOS = YES_AGGRESSIVE;
				GCC_WARN_UNUSED_FUNCTION = YES;
				GCC_WARN_UNUSED_VARIABLE = YES;
				MACOSX_DEPLOYMENT_TARGET = 10.10;
				MTL_ENABLE_DEBUG_INFO = NO;
				SDKROOT = macosx;
			};
			name = Release;
		};
		5AC751B71A490383003DECDB /* Debug */ = {
			isa = XCBuildConfiguration;
			buildSettings = {
				PRODUCT_NAME = "$(TARGET_NAME)";
			};
			name = Debug;
		};
		5AC751B81A490383003DECDB /* Release */ = {
			isa = XCBuildConfiguration;
			buildSettings = {
				PRODUCT_NAME = "$(TARGET_NAME)";
			};
			name = Release;
		};
/* End XCBuildConfiguration section */

/* Begin XCConfigurationList section */
		5AC751AA1A490383003DECDB /* Build configuration list for PBXProject "DailyProgrammer4-Bitcompression" */ = {
			isa = XCConfigurationList;
			buildConfigurations = (
				5AC751B41A490383003DECDB /* Debug */,
				5AC751B51A490383003DECDB /* Release */,
			);
			defaultConfigurationIsVisible = 0;
			defaultConfigurationName = Release;
		};
		5AC751B61A490383003DECDB /* Build configuration list for PBXNativeTarget "DailyProgrammer4-Bitcompression" */ = {
			isa = XCConfigurationList;
			buildConfigurations = (
				5AC751B71A490383003DECDB /* Debug */,
				5AC751B81A490383003DECDB /* Release */,
			);
			defaultConfigurationIsVisible = 0;
		};
/* End XCConfigurationList section */
	};
	rootObject = 5AC751A71A490383003DECDB /* Project object */;
}
